
Microsoft Visual Studio Solution File, Format Version 11.00
# Visual Studio 2010
Project("{FAE04EC0-301F-11D3-BF4B-00C04F79EFBC}") = "Assembly-CSharp", "Assembly-CSharp.csproj", "{0249f972-229d-5823-c332-2074d6c8512f}"
EndProject
Project("{FAE04EC0-301F-11D3-BF4B-00C04F79EFBC}") = "Assembly-CSharp-Editor", "Assembly-CSharp-Editor.csproj", "{efccc2f3-7468-6bbf-dc15-1cdf9a197ace}"
EndProject
Global
	GlobalSection(SolutionConfigurationPlatforms) = preSolution
		Debug|Any CPU = Debug|Any CPU
	EndGlobalSection
	GlobalSection(ProjectConfigurationPlatforms) = postSolution
		{0249f972-229d-5823-c332-2074d6c8512f}.Debug|Any CPU.ActiveCfg = Debug|Any CPU
		{0249f972-229d-5823-c332-2074d6c8512f}.Debug|Any CPU.Build.0 = Debug|Any CPU
		{efccc2f3-7468-6bbf-dc15-1cdf9a197ace}.Debug|Any CPU.ActiveCfg = Debug|Any CPU
		{efccc2f3-7468-6bbf-dc15-1cdf9a197ace}.Debug|Any CPU.Build.0 = Debug|Any CPU
	EndGlobalSection
	GlobalSection(SolutionProperties) = preSolution
		HideSolutionNode = FALSE
	EndGlobalSection
EndGlobal
